// !$*UTF8*$!
{
	archiveVersion = 1;
	classes = {
	};
	objectVersion = 50;
	objects = {

/* Begin PBXBuildFile section */
		98237E6120AAE0EE00F81C3A /* main.m in Sources */ = {isa = PBXBuildFile; fileRef = 98237E6020AAE0EE00F81C3A /* main.m */; };
		98237E6A20AAE77B00F81C3A /* Student.m in Sources */ = {isa = PBXBuildFile; fileRef = 98237E6920AAE77B00F81C3A /* Student.m */; };
		98237E6D20AAF10A00F81C3A /* Superman.m in Sources */ = {isa = PBXBuildFile; fileRef = 98237E6C20AAF10A00F81C3A /* Superman.m */; };
/* End PBXBuildFile section */

/* Begin PBXCopyFilesBuildPhase section */
		98237E5B20AAE0EE00F81C3A /* CopyFiles */ = {
			isa = PBXCopyFilesBuildPhase;
			buildActionMask = 2147483647;
			dstPath = /usr/share/man/man1/;
			dstSubfolderSpec = 0;
			files = (
			);
			runOnlyForDeploymentPostprocessing = 1;
		};
/* End PBXCopyFilesBuildPhase section */

/* Begin PBXFileReference section */
		98237E5D20AAE0EE00F81C3A /* protocol example */ = {isa = PBXFileReference; explicitFileType = "compiled.mach-o.executable"; includeInIndex = 0; path = "protocol example"; sourceTree = BUILT_PRODUCTS_DIR; };
		98237E6020AAE0EE00F81C3A /* main.m */ = {isa = PBXFileReference; lastKnownFileType = sourcecode.c.objc; path = main.m; sourceTree = "<group>"; };
		98237E6720AAE13200F81C3A /* Being.h */ = {isa = PBXFileReference; lastKnownFileType = sourcecode.c.h; path = Being.h; sourceTree = "<group>"; };
		98237E6820AAE77B00F81C3A /* Student.h */ = {isa = PBXFileReference; lastKnownFileType = sourcecode.c.h; path = Student.h; sourceTree = "<group>"; };
		98237E6920AAE77B00F81C3A /* Student.m */ = {isa = PBXFileReference; lastKnownFileType = sourcecode.c.objc; path = Student.m; sourceTree = "<group>"; };
		98237E6B20AAF10A00F81C3A /* Superman.h */ = {isa = PBXFileReference; lastKnownFileType = sourcecode.c.h; path = Superman.h; sourceTree = "<group>"; };
		98237E6C20AAF10A00F81C3A /* Superman.m */ = {isa = PBXFileReference; lastKnownFileType = sourcecode.c.objc; path = Superman.m; sourceTree = "<group>"; };
/* End PBXFileReference section */

/* Begin PBXFrameworksBuildPhase section */
		98237E5A20AAE0EE00F81C3A /* Frameworks */ = {
			isa = PBXFrameworksBuildPhase;
			buildActionMask = 2147483647;
			files = (
			);
			runOnlyForDeploymentPostprocessing = 0;
		};
/* End PBXFrameworksBuildPhase section */

/* Begin PBXGroup section */
		98237E5420AAE0EE00F81C3A = {
			isa = PBXGroup;
			children = (
				98237E5F20AAE0EE00F81C3A /* protocol example */,
				98237E5E20AAE0EE00F81C3A /* Products */,
			);
			sourceTree = "<group>";
		};
		98237E5E20AAE0EE00F81C3A /* Products */ = {
			isa = PBXGroup;
			children = (
				98237E5D20AAE0EE00F81C3A /* protocol example */,
			);
			name = Products;
			sourceTree = "<group>";
		};
		98237E5F20AAE0EE00F81C3A /* protocol example */ = {
			isa = PBXGroup;
			children = (
				98237E6020AAE0EE00F81C3A /* main.m */,
				98237E6720AAE13200F81C3A /* Being.h */,
				98237E6820AAE77B00F81C3A /* Student.h */,
				98237E6920AAE77B00F81C3A /* Student.m */,
				98237E6B20AAF10A00F81C3A /* Superman.h */,
				98237E6C20AAF10A00F81C3A /* Superman.m */,
			);
			path = "protocol example";
			sourceTree = "<group>";
		};
/* End PBXGroup section */

/* Begin PBXNativeTarget section */
		98237E5C20AAE0EE00F81C3A /* protocol example */ = {
			isa = PBXNativeTarget;
			buildConfigurationList = 98237E6420AAE0EE00F81C3A /* Build configuration list for PBXNativeTarget "protocol example" */;
			buildPhases = (
				98237E5920AAE0EE00F81C3A /* Sources */,
				98237E5A20AAE0EE00F81C3A /* Frameworks */,
				98237E5B20AAE0EE00F81C3A /* CopyFiles */,
			);
			buildRules = (
			);
			dependencies = (
			);
			name = "protocol example";
			productName = "protocol example";
			productReference = 98237E5D20AAE0EE00F81C3A /* protocol example */;
			productType = "com.apple.product-type.tool";
		};
/* End PBXNativeTarget section */

/* Begin PBXProject section */
		98237E5520AAE0EE00F81C3A /* Project object */ = {
			isa = PBXProject;
			attributes = {
				LastUpgradeCheck = 0930;
				ORGANIZATIONNAME = "Gobinda Paul";
				TargetAttributes = {
					98237E5C20AAE0EE00F81C3A = {
						CreatedOnToolsVersion = 9.3;
					};
				};
			};
			buildConfigurationList = 98237E5820AAE0EE00F81C3A /* Build configuration list for PBXProject "protocol example" */;
			compatibilityVersion = "Xcode 9.3";
			developmentRegion = en;
			hasScannedForEncodings = 0;
			knownRegions = (
				en,
			);
			mainGroup = 98237E5420AAE0EE00F81C3A;
			productRefGroup = 98237E5E20AAE0EE00F81C3A /* Products */;
			projectDirPath = "";
			projectRoot = "";
			targets = (
				98237E5C20AAE0EE00F81C3A /* protocol example */,
			);
		};
/* End PBXProject section */

/* Begin PBXSourcesBuildPhase section */
		98237E5920AAE0EE00F81C3A /* Sources */ = {
			isa = PBXSourcesBuildPhase;
			buildActionMask = 2147483647;
			files = (
				98237E6120AAE0EE00F81C3A /* main.m in Sources */,
				98237E6D20AAF10A00F81C3A /* Superman.m in Sources */,
				98237E6A20AAE77B00F81C3A /* Student.m in Sources */,
			);
			runOnlyForDeploymentPostprocessing = 0;
		};
/* End PBXSourcesBuildPhase section */

/* Begin XCBuildConfiguration section */
		98237E6220AAE0EE00F81C3A /* Debug */ = {
			isa = XCBuildConfiguration;
			buildSettings = {
				ALWAYS_SEARCH_USER_PATHS = NO;
				CLANG_ANALYZER_NONNULL = YES;
				CLANG_ANALYZER_NUMBER_OBJECT_CONVERSION = YES_AGGRESSIVE;
				CLANG_CXX_LANGUAGE_STANDARD = "gnu++14";
				CLANG_CXX_LIBRARY = "libc++";
				CLANG_ENABLE_MODULES = YES;
				CLANG_ENABLE_OBJC_ARC = YES;
				CLANG_ENABLE_OBJC_WEAK = YES;
				CLANG_WARN_BLOCK_CAPTURE_AUTORELEASING = YES;
				CLANG_WARN_BOOL_CONVERSION = YES;
				CLANG_WARN_COMMA = YES;
				CLANG_WARN_CONSTANT_CONVERSION = YES;
				CLANG_WARN_DEPRECATED_OBJC_IMPLEMENTATIONS = YES;
				CLANG_WARN_DIRECT_OBJC_ISA_USAGE = YES_ERROR;
				CLANG_WARN_DOCUMENTATION_COMMENTS = YES;
				CLANG_WARN_EMPTY_BODY = YES;
				CLANG_WARN_ENUM_CONVERSION = YES;
				CLANG_WARN_INFINITE_RECURSION = YES;
				CLANG_WARN_INT_CONVERSION = YES;
				CLANG_WARN_NON_LITERAL_NULL_CONVERSION = YES;
				CLANG_WARN_OBJC_IMPLICIT_RETAIN_SELF = YES;
				CLANG_WARN_OBJC_LITERAL_CONVERSION = YES;
				CLANG_WARN_OBJC_ROOT_CLASS = YES_ERROR;
				CLANG_WARN_RANGE_LOOP_ANALYSIS = YES;
				CLANG_WARN_STRICT_PROTOTYPES = YES;
				CLANG_WARN_SUSPICIOUS_MOVE = YES;
				CLANG_WARN_UNGUARDED_AVAILABILITY = YES_AGGRESSIVE;
				CLANG_WARN_UNREACHABLE_CODE = YES;
				CLANG_WARN__DUPLICATE_METHOD_MATCH = YES;
				CODE_SIGN_IDENTITY = "-";
				COPY_PHASE_STRIP = NO;
				DEBUG_INFORMATION_FORMAT = dwarf;
				ENABLE_STRICT_OBJC_MSGSEND = YES;
				ENABLE_TESTABILITY = YES;
				GCC_C_LANGUAGE_STANDARD = gnu11;
				GCC_DYNAMIC_NO_PIC = NO;
				GCC_NO_COMMON_BLOCKS = YES;
				GCC_OPTIMIZATION_LEVEL = 0;
				GCC_PREPROCESSOR_DEFINITIONS = (
					"DEBUG=1",
					"$(inherited)",
				);
				GCC_WARN_64_TO_32_BIT_CONVERSION = YES;
				GCC_WARN_ABOUT_RETURN_TYPE = YES_ERROR;
				GCC_WARN_UNDECLARED_SELECTOR = YES;
				GCC_WARN_UNINITIALIZED_AUTOS = YES_AGGRESSIVE;
				GCC_WARN_UNUSED_FUNCTION = YES;
				GCC_WARN_UNUSED_VARIABLE = YES;
				MACOSX_DEPLOYMENT_TARGET = 10.13;
				MTL_ENABLE_DEBUG_INFO = YES;
				ONLY_ACTIVE_ARCH = YES;
				SDKROOT = macosx;
			};
			name = Debug;
		};
		98237E6320AAE0EE00F81C3A /* Release */ = {
			isa = XCBuildConfiguration;
			buildSettings = {
				ALWAYS_SEARCH_USER_PATHS = NO;
				CLANG_ANALYZER_NONNULL = YES;
				CLANG_ANALYZER_NUMBER_OBJECT_CONVERSION = YES_AGGRESSIVE;
				CLANG_CXX_LANGUAGE_STANDARD = "gnu++14";
				CLANG_CXX_LIBRARY = "libc++";
				CLANG_ENABLE_MODULES = YES;
				CLANG_ENABLE_OBJC_ARC = YES;
				CLANG_ENABLE_OBJC_WEAK = YES;
				CLANG_WARN_BLOCK_CAPTURE_AUTORELEASING = YES;
				CLANG_WARN_BOOL_CONVERSION = YES;
				CLANG_WARN_COMMA = YES;
				CLANG_WARN_CONSTANT_CONVERSION = YES;
				CLANG_WARN_DEPRECATED_OBJC_IMPLEMENTATIONS = YES;
				CLANG_WARN_DIRECT_OBJC_ISA_USAGE = YES_ERROR;
				CLANG_WARN_DOCUMENTATION_COMMENTS = YES;
				CLANG_WARN_EMPTY_BODY = YES;
				CLANG_WARN_ENUM_CONVERSION = YES;
				CLANG_WARN_INFINITE_RECURSION = YES;
				CLANG_WARN_INT_CONVERSION = YES;
				CLANG_WARN_NON_LITERAL_NULL_CONVERSION = YES;
				CLANG_WARN_OBJC_IMPLICIT_RETAIN_SELF = YES;
				CLANG_WARN_OBJC_LITERAL_CONVERSION = YES;
				CLANG_WARN_OBJC_ROOT_CLASS = YES_ERROR;
				CLANG_WARN_RANGE_LOOP_ANALYSIS = YES;
				CLANG_WARN_STRICT_PROTOTYPES = YES;
				CLANG_WARN_SUSPICIOUS_MOVE = YES;
				CLANG_WARN_UNGUARDED_AVAILABILITY = YES_AGGRESSIVE;
				CLANG_WARN_UNREACHABLE_CODE = YES;
				CLANG_WARN__DUPLICATE_METHOD_MATCH = YES;
				CODE_SIGN_IDENTITY = "-";
				COPY_PHASE_STRIP = NO;
				DEBUG_INFORMATION_FORMAT = "dwarf-with-dsym";
				ENABLE_NS_ASSERTIONS = NO;
				ENABLE_STRICT_OBJC_MSGSEND = YES;
				GCC_C_LANGUAGE_STANDARD = gnu11;
				GCC_NO_COMMON_BLOCKS = YES;
				GCC_WARN_64_TO_32_BIT_CONVERSION = YES;
				GCC_WARN_ABOUT_RETURN_TYPE = YES_ERROR;
				GCC_WARN_UNDECLARED_SELECTOR = YES;
				GCC_WARN_UNINITIALIZED_AUTOS = YES_AGGRESSIVE;
				GCC_WARN_UNUSED_FUNCTION = YES;
				GCC_WARN_UNUSED_VARIABLE = YES;
				MACOSX_DEPLOYMENT_TARGET = 10.13;
				MTL_ENABLE_DEBUG_INFO = NO;
				SDKROOT = macosx;
			};
			name = Release;
		};
		98237E6520AAE0EE00F81C3A /* Debug */ = {
			isa = XCBuildConfiguration;
			buildSettings = {
				CODE_SIGN_STYLE = Automatic;
				PRODUCT_NAME = "$(TARGET_NAME)";
			};
			name = Debug;
		};
		98237E6620AAE0EE00F81C3A /* Release */ = {
			isa = XCBuildConfiguration;
			buildSettings = {
				CODE_SIGN_STYLE = Automatic;
				PRODUCT_NAME = "$(TARGET_NAME)";
			};
			name = Release;
		};
/* End XCBuildConfiguration section */

/* Begin XCConfigurationList section */
		98237E5820AAE0EE00F81C3A /* Build configuration list for PBXProject "protocol example" */ = {
			isa = XCConfigurationList;
			buildConfigurations = (
				98237E6220AAE0EE00F81C3A /* Debug */,
				98237E6320AAE0EE00F81C3A /* Release */,
			);
			defaultConfigurationIsVisible = 0;
			defaultConfigurationName = Release;
		};
		98237E6420AAE0EE00F81C3A /* Build configuration list for PBXNativeTarget "protocol example" */ = {
			isa = XCConfigurationList;
			buildConfigurations = (
				98237E6520AAE0EE00F81C3A /* Debug */,
				98237E6620AAE0EE00F81C3A /* Release */,
			);
			defaultConfigurationIsVisible = 0;
			defaultConfigurationName = Release;
		};
/* End XCConfigurationList section */
	};
	rootObject = 98237E5520AAE0EE00F81C3A /* Project object */;
}
